
Microsoft Visual Studio Solution File, Format Version 12.00
# Visual Studio Version 17
VisualStudioVersion = 17.9.34622.214
MinimumVisualStudioVersion = 10.0.40219.1
Project("{FAE04EC0-301F-11D3-BF4B-00C04F79EFBC}") = "Test_For_Mona", "Test_For_Mona\Test_For_Mona.csproj", "{B99FAD95-FB27-41AE-905C-96291763AD10}"
EndProject
Project("{FAE04EC0-301F-11D3-BF4B-00C04F79EFBC}") = "Data", "Data\Data.csproj", "{1E99CF75-8B9C-48DD-A447-5AACA6E64F39}"
EndProject
Project("{FAE04EC0-301F-11D3-BF4B-00C04F79EFBC}") = "Services", "Services\Services.csproj", "{B1E8A0A1-D64D-492F-9F83-88A5642AA476}"
EndProject
Global
	GlobalSection(SolutionConfigurationPlatforms) = preSolution
		Debug|Any CPU = Debug|Any CPU
		Release|Any CPU = Release|Any CPU
	EndGlobalSection
	GlobalSection(ProjectConfigurationPlatforms) = postSolution
		{B99FAD95-FB27-41AE-905C-96291763AD10}.Debug|Any CPU.ActiveCfg = Debug|Any CPU
		{B99FAD95-FB27-41AE-905C-96291763AD10}.Debug|Any CPU.Build.0 = Debug|Any CPU
		{B99FAD95-FB27-41AE-905C-96291763AD10}.Release|Any CPU.ActiveCfg = Release|Any CPU
		{B99FAD95-FB27-41AE-905C-96291763AD10}.Release|Any CPU.Build.0 = Release|Any CPU
		{1E99CF75-8B9C-48DD-A447-5AACA6E64F39}.Debug|Any CPU.ActiveCfg = Debug|Any CPU
		{1E99CF75-8B9C-48DD-A447-5AACA6E64F39}.Debug|Any CPU.Build.0 = Debug|Any CPU
		{1E99CF75-8B9C-48DD-A447-5AACA6E64F39}.Release|Any CPU.ActiveCfg = Release|Any CPU
		{1E99CF75-8B9C-48DD-A447-5AACA6E64F39}.Release|Any CPU.Build.0 = Release|Any CPU
		{B1E8A0A1-D64D-492F-9F83-88A5642AA476}.Debug|Any CPU.ActiveCfg = Debug|Any CPU
		{B1E8A0A1-D64D-492F-9F83-88A5642AA476}.Debug|Any CPU.Build.0 = Debug|Any CPU
		{B1E8A0A1-D64D-492F-9F83-88A5642AA476}.Release|Any CPU.ActiveCfg = Release|Any CPU
		{B1E8A0A1-D64D-492F-9F83-88A5642AA476}.Release|Any CPU.Build.0 = Release|Any CPU
	EndGlobalSection
	GlobalSection(SolutionProperties) = preSolution
		HideSolutionNode = FALSE
	EndGlobalSection
	GlobalSection(ExtensibilityGlobals) = postSolution
		SolutionGuid = {B9DAAA01-C767-4345-908B-0E368A3732DC}
	EndGlobalSection
EndGlobal
